<?xml version="1.0" encoding="utf-8"?>
<Project ToolsVersion="4.0" xmlns="http://schemas.microsoft.com/developer/msbuild/2003">
  <ItemGroup>
    <Filter Include="Source Files">
      <UniqueIdentifier>{4FC737F1-C7A5-4376-A066-2A32D752A2FF}</UniqueIdentifier>
      <Extensions>cpp;c;cc;cxx;def;odl;idl;hpj;bat;asm;asmx</Extensions>
    </Filter>
    <Filter Include="Header Files">
      <UniqueIdentifier>{93995380-89BD-4b04-88EB-625FBE52EBFB}</UniqueIdentifier>
      <Extensions>h;hh;hpp;hxx;hm;inl;inc;xsd</Extensions>
    </Filter>
    <Filter Include="Resource Files">
      <UniqueIdentifier>{67DA6AB6-F800-4c08-8B7A-83BB121AAD01}</UniqueIdentifier>
      <Extensions>rc;ico;cur;bmp;dlg;rc2;rct;bin;rgs;gif;jpg;jpeg;jpe;resx;tiff;tif;png;wav;mfcribbon-ms</Extensions>
    </Filter>
    <Filter Include="macros">
      <UniqueIdentifier>{3e7a8e76-6f5a-4554-ab4d-d65f2c7e5020}</UniqueIdentifier>
    </Filter>
  </ItemGroup>
  <ItemGroup>
    <Text Include="ReadMe.txt" />
  </ItemGroup>
  <ItemGroup>
    <ClInclude Include="doc_index.h">
      <Filter>Header Files</Filter>
    </ClInclude>
    <ClInclude Include="supplies.hpp">
      <Filter>Header Files</Filter>
    </ClInclude>
    <ClInclude Include="advanced_enum_adapt.h">
      <Filter>Header Files</Filter>
    </ClInclude>
    <ClInclude Include="advanced_enum_base.h">
      <Filter>Header Files</Filter>
    </ClInclude>
    <ClInclude Include="advanced_enum_define.h">
      <Filter>Header Files</Filter>
    </ClInclude>
    <ClInclude Include="macros\empty_argument.h">
      <Filter>macros</Filter>
    </ClInclude>
    <ClInclude Include="macros\name_comma.h">
      <Filter>macros</Filter>
    </ClInclude>
    <ClInclude Include="macros\define_enum_value.h">
      <Filter>macros</Filter>
    </ClInclude>
    <ClInclude Include="macros\derive_enum_base.h">
      <Filter>macros</Filter>
    </ClInclude>
    <ClInclude Include="macros\adapt_name_value_pair.h">
      <Filter>macros</Filter>
    </ClInclude>
    <ClInclude Include="macros\define_name_value_pair.h">
      <Filter>macros</Filter>
    </ClInclude>
    <ClInclude Include="macros\artifacts_namespace.h">
      <Filter>macros</Filter>
    </ClInclude>
    <ClInclude Include="macros\apply_to_all.h">
      <Filter>macros</Filter>
    </ClInclude>
    <ClInclude Include="macros\overload_stream_operators.h">
      <Filter>macros</Filter>
    </ClInclude>
    <ClInclude Include="enum_storage_deprecated.hpp">
      <Filter>Header Files</Filter>
    </ClInclude>
    <ClInclude Include="enum_storage.hpp">
      <Filter>Header Files</Filter>
    </ClInclude>
    <ClInclude Include="macros\cat.h">
      <Filter>macros</Filter>
    </ClInclude>
    <ClInclude Include="etos_impl.hpp">
      <Filter>Header Files</Filter>
    </ClInclude>
    <ClInclude Include="options.h">
      <Filter>Header Files</Filter>
    </ClInclude>
    <ClInclude Include="stoe_impl.hpp">
      <Filter>Header Files</Filter>
    </ClInclude>
    <ClInclude Include="supply_selector.hpp">
      <Filter>Header Files</Filter>
    </ClInclude>
    <ClInclude Include="config.hpp">
      <Filter>Header Files</Filter>
    </ClInclude>
  </ItemGroup>
  <ItemGroup>
    <None Include="Doxyfile" />
  </ItemGroup>
</Project>