<?xml version="1.0" encoding="utf-8"?>
<Project ToolsVersion="4.0" xmlns="http://schemas.microsoft.com/developer/msbuild/2003">
  <ItemGroup>
    <Filter Include="Source Files">
      <UniqueIdentifier>{4FC737F1-C7A5-4376-A066-2A32D752A2FF}</UniqueIdentifier>
      <Extensions>cpp;c;cc;cxx;def;odl;idl;hpj;bat;asm;asmx</Extensions>
    </Filter>
    <Filter Include="Resource Files">
      <UniqueIdentifier>{67DA6AB6-F800-4c08-8B7A-83BB121AAD01}</UniqueIdentifier>
      <Extensions>rc;ico;cur;bmp;dlg;rc2;rct;bin;rgs;gif;jpg;jpeg;jpe;resx;tiff;tif;png;wav;mfcribbon-ms</Extensions>
    </Filter>
    <Filter Include="Main Files">
      <UniqueIdentifier>{93995380-89BD-4b04-88EB-625FBE52EBFB}</UniqueIdentifier>
      <Extensions>h;hh;hpp;hxx;hm;inl;inc;xsd</Extensions>
    </Filter>
    <Filter Include="Main Files\impl">
      <UniqueIdentifier>{fad2b609-bd3d-43d1-ae76-7258c3b99738}</UniqueIdentifier>
    </Filter>
    <Filter Include="Main Files\macros">
      <UniqueIdentifier>{69a9a594-e1e8-4970-a435-05db01c9152d}</UniqueIdentifier>
    </Filter>
    <Filter Include="Examples">
      <UniqueIdentifier>{d9abd6a4-6221-498a-9c5a-7ec127243da2}</UniqueIdentifier>
    </Filter>
    <Filter Include="Main Files\doc">
      <UniqueIdentifier>{d393f345-7822-42f2-811e-f964c64f2b5b}</UniqueIdentifier>
    </Filter>
  </ItemGroup>
  <ItemGroup>
    <Text Include="ReadMe.txt" />
  </ItemGroup>
  <ItemGroup>
    <ClInclude Include="boost_enum\boost\enum\adapt.hpp">
      <Filter>Main Files</Filter>
    </ClInclude>
    <ClInclude Include="boost_enum\boost\enum\define.hpp">
      <Filter>Main Files</Filter>
    </ClInclude>
    <ClInclude Include="boost_enum\boost\enum\options\options.hpp">
      <Filter>Main Files\impl</Filter>
    </ClInclude>
    <ClInclude Include="boost_enum\boost\enum\options\supplies.hpp">
      <Filter>Main Files\impl</Filter>
    </ClInclude>
    <ClInclude Include="boost_enum\boost\enum\options\supply_selector.hpp">
      <Filter>Main Files\impl</Filter>
    </ClInclude>
    <ClInclude Include="boost_enum\boost\enum\storage\class_draft.hpp">
      <Filter>Main Files\impl</Filter>
    </ClInclude>
    <ClInclude Include="boost_enum\boost\enum\storage\function_impl.hpp">
      <Filter>Main Files\impl</Filter>
    </ClInclude>
    <ClInclude Include="boost_enum\boost\enum\storage\storage.hpp">
      <Filter>Main Files\impl</Filter>
    </ClInclude>
    <ClInclude Include="boost_enum\boost\enum\macros\adapt_name_value_pair.hpp">
      <Filter>Main Files\macros</Filter>
    </ClInclude>
    <ClInclude Include="boost_enum\boost\enum\macros\apply_to_all.hpp">
      <Filter>Main Files\macros</Filter>
    </ClInclude>
    <ClInclude Include="boost_enum\boost\enum\macros\artifacts_namespace.hpp">
      <Filter>Main Files\macros</Filter>
    </ClInclude>
    <ClInclude Include="boost_enum\boost\enum\macros\cat.hpp">
      <Filter>Main Files\macros</Filter>
    </ClInclude>
    <ClInclude Include="boost_enum\boost\enum\macros\define_enum_value.hpp">
      <Filter>Main Files\macros</Filter>
    </ClInclude>
    <ClInclude Include="boost_enum\boost\enum\macros\define_name_value_pair.hpp">
      <Filter>Main Files\macros</Filter>
    </ClInclude>
    <ClInclude Include="boost_enum\boost\enum\macros\empty_argument.hpp">
      <Filter>Main Files\macros</Filter>
    </ClInclude>
    <ClInclude Include="boost_enum\boost\enum\macros\insert_enum_value.hpp">
      <Filter>Main Files\macros</Filter>
    </ClInclude>
    <ClInclude Include="boost_enum\boost\enum\macros\name_comma.hpp">
      <Filter>Main Files\macros</Filter>
    </ClInclude>
    <ClInclude Include="boost_enum\boost\enum\macros\overload_stream_operators.hpp">
      <Filter>Main Files\macros</Filter>
    </ClInclude>
    <ClInclude Include="boost_enum\boost\enum\options.hpp">
      <Filter>Main Files</Filter>
    </ClInclude>
    <ClInclude Include="boost_enum\boost\enum\define_flag.hpp">
      <Filter>Main Files</Filter>
    </ClInclude>
    <ClInclude Include="boost_enum\boost\enum\macros\overload_binary_operators.hpp">
      <Filter>Main Files\macros</Filter>
    </ClInclude>
    <ClInclude Include="boost_enum\libs\enum\example\define_flag.h">
      <Filter>Examples</Filter>
    </ClInclude>
    <ClInclude Include="boost_enum\boost\enum\macros\overload_equality_operators.hpp">
      <Filter>Main Files\macros</Filter>
    </ClInclude>
    <ClInclude Include="boost_enum\libs\enum\example\define.h">
      <Filter>Examples</Filter>
    </ClInclude>
    <ClInclude Include="boost_enum\libs\enum\example\adapt.h">
      <Filter>Examples</Filter>
    </ClInclude>
    <ClInclude Include="boost_enum\libs\enum\doc\doc_index.h">
      <Filter>Main Files\doc</Filter>
    </ClInclude>
  </ItemGroup>
  <ItemGroup>
    <None Include="Doxyfile">
      <Filter>Main Files\doc</Filter>
    </None>
  </ItemGroup>
</Project>